{
    "_meta": {
        "hash": {
            "sha256": "8252ee31cabc158795f065b3c02a2a61a2f98f89bded761972c5162cf8ad0b28"
        },
        "pipfile-spec": 6,
        "requires": {
            "python_version": "3.10"
        },
        "sources": [
            {
                "name": "pypi",
                "url": "https://pypi.org/simple",
                "verify_ssl": true
            }
        ]
    },
    "default": {
        "asgiref": {
            "hashes": [
                "sha256:89b2ef2247e3b562a16eef663bc0e2e703ec6468e2fa8a5cd61cd449786d4f6e",
                "sha256:9e0ce3aa93a819ba5b45120216b23878cf6e8525eb3848653452b4192b92afed"
            ],
            "markers": "python_version >= '3.7'",
            "version": "==3.7.2"
        },
        "crispy-bootstrap5": {
            "hashes": [
                "sha256:0745a67199619149b7feca87dab7a45664876ed50fb582b38fd2aeb3f8a8d869",
                "sha256:f3ff1ef5cb379fe80b1b02e245008f276444098a4bdb8d855bed84c623798a85"
            ],
            "index": "pypi",
            "version": "==0.7"
        },
        "django": {
            "hashes": [
                "sha256:2a6b6fbff5b59dd07bef10bcb019bee2ea97a30b2a656d51346596724324badf",
                "sha256:672b3fa81e1f853bb58be1b51754108ab4ffa12a77c06db86aa8df9ed0c46fe5"
            ],
            "index": "pypi",
            "version": "==4.2.2"
        },
        "django-crispy-forms": {
            "hashes": [
                "sha256:90193b068bf948d9c68449bc8260afed1a8e2afe11ee0bac8c4ebfaeb175b322",
                "sha256:d1d4e585929058a9ab3b797666ea5b69320b9ba7937f9d146d32173246a6fd13"
            ],
            "index": "pypi",
            "version": "==2.0"
        },
        "djangorestframework": {
            "hashes": [
                "sha256:579a333e6256b09489cbe0a067e66abe55c6595d8926be6b99423786334350c8",
                "sha256:eb63f58c9f218e1a7d064d17a70751f528ed4e1d35547fdade9aaf4cd103fd08"
            ],
            "index": "pypi",
            "version": "==3.14.0"
        },
        "geographiclib": {
            "hashes": [
                "sha256:6b7225248e45ff7edcee32becc4e0a1504c606ac5ee163a5656d482e0cd38734",
                "sha256:f7f41c85dc3e1c2d3d935ec86660dc3b2c848c83e17f9a9e51ba9d5146a15859"
            ],
            "markers": "python_version >= '3.7'",
            "version": "==2.0"
        },
        "geopy": {
            "hashes": [
                "sha256:228cd53b6eef699b2289d1172e462a90d5057779a10388a7366291812601187f",
                "sha256:4a29a16d41d8e56ba8e07310802a1cbdf098eeb6069cc3d6d3068fc770629ffc"
            ],
            "index": "pypi",
            "version": "==2.3.0"
        },
        "joblib": {
            "hashes": [
                "sha256:1f937906df65329ba98013dc9692fe22a4c5e4a648112de500508b18a21b41e3",
                "sha256:89cf0529520e01b3de7ac7b74a8102c90d16d54c64b5dd98cafcd14307fdf915"
            ],
            "markers": "python_version >= '3.7'",
            "version": "==1.3.1"
        },
        "numpy": {
            "hashes": [
                "sha256:012097b5b0d00a11070e8f2e261128c44157a8689f7dedcf35576e525893f4fe",
                "sha256:0d3fe3dd0506a28493d82dc3cf254be8cd0d26f4008a417385cbf1ae95b54004",
                "sha256:0def91f8af6ec4bb94c370e38c575855bf1d0be8a8fbfba42ef9c073faf2cf19",
                "sha256:1a180429394f81c7933634ae49b37b472d343cccb5bb0c4a575ac8bbc433722f",
                "sha256:1d5d3c68e443c90b38fdf8ef40e60e2538a27548b39b12b73132456847f4b631",
                "sha256:20e1266411120a4f16fad8efa8e0454d21d00b8c7cee5b5ccad7565d95eb42dd",
                "sha256:247d3ffdd7775bdf191f848be8d49100495114c82c2bd134e8d5d075fb386a1c",
                "sha256:35a9527c977b924042170a0887de727cd84ff179e478481404c5dc66b4170009",
                "sha256:38eb6548bb91c421261b4805dc44def9ca1a6eef6444ce35ad1669c0f1a3fc5d",
                "sha256:3d7abcdd85aea3e6cdddb59af2350c7ab1ed764397f8eec97a038ad244d2d105",
                "sha256:41a56b70e8139884eccb2f733c2f7378af06c82304959e174f8e7370af112e09",
                "sha256:4a90725800caeaa160732d6b31f3f843ebd45d6b5f3eec9e8cc287e30f2805bf",
                "sha256:6b82655dd8efeea69dbf85d00fca40013d7f503212bc5259056244961268b66e",
                "sha256:6c6c9261d21e617c6dc5eacba35cb68ec36bb72adcff0dee63f8fbc899362588",
                "sha256:77d339465dff3eb33c701430bcb9c325b60354698340229e1dff97745e6b3efa",
                "sha256:791f409064d0a69dd20579345d852c59822c6aa087f23b07b1b4e28ff5880fcb",
                "sha256:9a3a9f3a61480cc086117b426a8bd86869c213fc4072e606f01c4e4b66eb92bf",
                "sha256:c1516db588987450b85595586605742879e50dcce923e8973f79529651545b57",
                "sha256:c40571fe966393b212689aa17e32ed905924120737194b5d5c1b20b9ed0fb171",
                "sha256:d412c1697c3853c6fc3cb9751b4915859c7afe6a277c2bf00acf287d56c4e625",
                "sha256:d5154b1a25ec796b1aee12ac1b22f414f94752c5f94832f14d8d6c9ac40bcca6",
                "sha256:d736b75c3f2cb96843a5c7f8d8ccc414768d34b0a75f466c05f3a739b406f10b",
                "sha256:e8f6049c4878cb16960fbbfb22105e49d13d752d4d8371b55110941fb3b17800",
                "sha256:f76aebc3358ade9eacf9bc2bb8ae589863a4f911611694103af05346637df1b7",
                "sha256:fd67b306320dcadea700a8f79b9e671e607f8696e98ec255915c0c6d6b818503"
            ],
            "markers": "python_version >= '3.10'",
            "version": "==1.25.1"
        },
        "pandas": {
            "hashes": [
                "sha256:14e45300521902689a81f3f41386dc86f19b8ba8dd5ac5a3c7010ef8d2932813",
                "sha256:26d9c71772c7afb9d5046e6e9cf42d83dd147b5cf5bcb9d97252077118543792",
                "sha256:3749077d86e3a2f0ed51367f30bf5b82e131cc0f14260c4d3e499186fccc4406",
                "sha256:41179ce559943d83a9b4bbacb736b04c928b095b5f25dd2b7389eda08f46f373",
                "sha256:478ff646ca42b20376e4ed3fa2e8d7341e8a63105586efe54fa2508ee087f328",
                "sha256:50869a35cbb0f2e0cd5ec04b191e7b12ed688874bd05dd777c19b28cbea90996",
                "sha256:565fa34a5434d38e9d250af3c12ff931abaf88050551d9fbcdfafca50d62babf",
                "sha256:5f2b952406a1588ad4cad5b3f55f520e82e902388a6d5a4a91baa8d38d23c7f6",
                "sha256:5fbcb19d6fceb9e946b3e23258757c7b225ba450990d9ed63ccceeb8cae609f7",
                "sha256:6973549c01ca91ec96199e940495219c887ea815b2083722821f1d7abfa2b4dc",
                "sha256:74a3fd7e5a7ec052f183273dc7b0acd3a863edf7520f5d3a1765c04ffdb3b0b1",
                "sha256:7a0a56cef15fd1586726dace5616db75ebcfec9179a3a55e78f72c5639fa2a23",
                "sha256:7cec0bee9f294e5de5bbfc14d0573f65526071029d036b753ee6507d2a21480a",
                "sha256:87bd9c03da1ac870a6d2c8902a0e1fd4267ca00f13bc494c9e5a9020920e1d51",
                "sha256:972d8a45395f2a2d26733eb8d0f629b2f90bebe8e8eddbb8829b180c09639572",
                "sha256:9842b6f4b8479e41968eced654487258ed81df7d1c9b7b870ceea24ed9459b31",
                "sha256:9f69c4029613de47816b1bb30ff5ac778686688751a5e9c99ad8c7031f6508e5",
                "sha256:a50d9a4336a9621cab7b8eb3fb11adb82de58f9b91d84c2cd526576b881a0c5a",
                "sha256:bc4c368f42b551bf72fac35c5128963a171b40dce866fb066540eeaf46faa003",
                "sha256:c39a8da13cede5adcd3be1182883aea1c925476f4e84b2807a46e2775306305d",
                "sha256:c3ac844a0fe00bfaeb2c9b51ab1424e5c8744f89860b138434a363b1f620f354",
                "sha256:c4c00e0b0597c8e4f59e8d461f797e5d70b4d025880516a8261b2817c47759ee",
                "sha256:c74a62747864ed568f5a82a49a23a8d7fe171d0c69038b38cedf0976831296fa",
                "sha256:dd05f7783b3274aa206a1af06f0ceed3f9b412cf665b7247eacd83be41cf7bf0",
                "sha256:dfd681c5dc216037e0b0a2c821f5ed99ba9f03ebcf119c7dac0e9a7b960b9ec9",
                "sha256:e474390e60ed609cec869b0da796ad94f420bb057d86784191eefc62b65819ae",
                "sha256:f76d097d12c82a535fda9dfe5e8dd4127952b45fea9b0276cb30cca5ea313fbc"
            ],
            "index": "pypi",
            "version": "==1.5.3"
        },
        "pillow": {
            "hashes": [
                "sha256:00e65f5e822decd501e374b0650146063fbb30a7264b4d2744bdd7b913e0cab5",
                "sha256:040586f7d37b34547153fa383f7f9aed68b738992380ac911447bb78f2abe530",
                "sha256:0b6eb5502f45a60a3f411c63187db83a3d3107887ad0d036c13ce836f8a36f1d",
                "sha256:1ce91b6ec08d866b14413d3f0bbdea7e24dfdc8e59f562bb77bc3fe60b6144ca",
                "sha256:1f62406a884ae75fb2f818694469519fb685cc7eaff05d3451a9ebe55c646891",
                "sha256:22c10cc517668d44b211717fd9775799ccec4124b9a7f7b3635fc5386e584992",
                "sha256:3400aae60685b06bb96f99a21e1ada7bc7a413d5f49bce739828ecd9391bb8f7",
                "sha256:349930d6e9c685c089284b013478d6f76e3a534e36ddfa912cde493f235372f3",
                "sha256:368ab3dfb5f49e312231b6f27b8820c823652b7cd29cfbd34090565a015e99ba",
                "sha256:38250a349b6b390ee6047a62c086d3817ac69022c127f8a5dc058c31ccef17f3",
                "sha256:3a684105f7c32488f7153905a4e3015a3b6c7182e106fe3c37fbb5ef3e6994c3",
                "sha256:3a82c40d706d9aa9734289740ce26460a11aeec2d9c79b7af87bb35f0073c12f",
                "sha256:3b08d4cc24f471b2c8ca24ec060abf4bebc6b144cb89cba638c720546b1cf538",
                "sha256:3ed64f9ca2f0a95411e88a4efbd7a29e5ce2cea36072c53dd9d26d9c76f753b3",
                "sha256:3f07ea8d2f827d7d2a49ecf1639ec02d75ffd1b88dcc5b3a61bbb37a8759ad8d",
                "sha256:520f2a520dc040512699f20fa1c363eed506e94248d71f85412b625026f6142c",
                "sha256:5c6e3df6bdd396749bafd45314871b3d0af81ff935b2d188385e970052091017",
                "sha256:608bfdee0d57cf297d32bcbb3c728dc1da0907519d1784962c5f0c68bb93e5a3",
                "sha256:685ac03cc4ed5ebc15ad5c23bc555d68a87777586d970c2c3e216619a5476223",
                "sha256:76de421f9c326da8f43d690110f0e79fe3ad1e54be811545d7d91898b4c8493e",
                "sha256:76edb0a1fa2b4745fb0c99fb9fb98f8b180a1bbceb8be49b087e0b21867e77d3",
                "sha256:7be600823e4c8631b74e4a0d38384c73f680e6105a7d3c6824fcf226c178c7e6",
                "sha256:81ff539a12457809666fef6624684c008e00ff6bf455b4b89fd00a140eecd640",
                "sha256:88af2003543cc40c80f6fca01411892ec52b11021b3dc22ec3bc9d5afd1c5334",
                "sha256:8c11160913e3dd06c8ffdb5f233a4f254cb449f4dfc0f8f4549eda9e542c93d1",
                "sha256:8f8182b523b2289f7c415f589118228d30ac8c355baa2f3194ced084dac2dbba",
                "sha256:9211e7ad69d7c9401cfc0e23d49b69ca65ddd898976d660a2fa5904e3d7a9baa",
                "sha256:92be919bbc9f7d09f7ae343c38f5bb21c973d2576c1d45600fce4b74bafa7ac0",
                "sha256:9c82b5b3e043c7af0d95792d0d20ccf68f61a1fec6b3530e718b688422727396",
                "sha256:9f7c16705f44e0504a3a2a14197c1f0b32a95731d251777dcb060aa83022cb2d",
                "sha256:9fb218c8a12e51d7ead2a7c9e101a04982237d4855716af2e9499306728fb485",
                "sha256:a74ba0c356aaa3bb8e3eb79606a87669e7ec6444be352870623025d75a14a2bf",
                "sha256:b4f69b3700201b80bb82c3a97d5e9254084f6dd5fb5b16fc1a7b974260f89f43",
                "sha256:bc2ec7c7b5d66b8ec9ce9f720dbb5fa4bace0f545acd34870eff4a369b44bf37",
                "sha256:c189af0545965fa8d3b9613cfdb0cd37f9d71349e0f7750e1fd704648d475ed2",
                "sha256:c1fbe7621c167ecaa38ad29643d77a9ce7311583761abf7836e1510c580bf3dd",
                "sha256:c7cf14a27b0d6adfaebb3ae4153f1e516df54e47e42dcc073d7b3d76111a8d86",
                "sha256:c9f72a021fbb792ce98306ffb0c348b3c9cb967dce0f12a49aa4c3d3fdefa967",
                "sha256:cd25d2a9d2b36fcb318882481367956d2cf91329f6892fe5d385c346c0649629",
                "sha256:ce543ed15570eedbb85df19b0a1a7314a9c8141a36ce089c0a894adbfccb4568",
                "sha256:ce7b031a6fc11365970e6a5686d7ba8c63e4c1cf1ea143811acbb524295eabed",
                "sha256:d35e3c8d9b1268cbf5d3670285feb3528f6680420eafe35cccc686b73c1e330f",
                "sha256:d50b6aec14bc737742ca96e85d6d0a5f9bfbded018264b3b70ff9d8c33485551",
                "sha256:d5d0dae4cfd56969d23d94dc8e89fb6a217be461c69090768227beb8ed28c0a3",
                "sha256:d5db32e2a6ccbb3d34d87c87b432959e0db29755727afb37290e10f6e8e62614",
                "sha256:d72e2ecc68a942e8cf9739619b7f408cc7b272b279b56b2c83c6123fcfa5cdff",
                "sha256:d737a602fbd82afd892ca746392401b634e278cb65d55c4b7a8f48e9ef8d008d",
                "sha256:d80cf684b541685fccdd84c485b31ce73fc5c9b5d7523bf1394ce134a60c6883",
                "sha256:db24668940f82321e746773a4bc617bfac06ec831e5c88b643f91f122a785684",
                "sha256:dbc02381779d412145331789b40cc7b11fdf449e5d94f6bc0b080db0a56ea3f0",
                "sha256:dffe31a7f47b603318c609f378ebcd57f1554a3a6a8effbc59c3c69f804296de",
                "sha256:edf4392b77bdc81f36e92d3a07a5cd072f90253197f4a52a55a8cec48a12483b",
                "sha256:efe8c0681042536e0d06c11f48cebe759707c9e9abf880ee213541c5b46c5bf3",
                "sha256:f31f9fdbfecb042d046f9d91270a0ba28368a723302786c0009ee9b9f1f60199",
                "sha256:f88a0b92277de8e3ca715a0d79d68dc82807457dae3ab8699c758f07c20b3c51",
                "sha256:faaf07ea35355b01a35cb442dd950d8f1bb5b040a7787791a535de13db15ed90"
            ],
            "index": "pypi",
            "version": "==10.0.0"
        },
        "psycopg2-binary": {
            "hashes": [
                "sha256:00475004e5ed3e3bf5e056d66e5dcdf41a0dc62efcd57997acd9135c40a08a50",
                "sha256:01ad49d68dd8c5362e4bfb4158f2896dc6e0c02e87b8a3770fc003459f1a4425",
                "sha256:024030b13bdcbd53d8a93891a2cf07719715724fc9fee40243f3bd78b4264b8f",
                "sha256:02551647542f2bf89073d129c73c05a25c372fc0a49aa50e0de65c3c143d8bd0",
                "sha256:043a9fd45a03858ff72364b4b75090679bd875ee44df9c0613dc862ca6b98460",
                "sha256:05b3d479425e047c848b9782cd7aac9c6727ce23181eb9647baf64ffdfc3da41",
                "sha256:0775d6252ccb22b15da3b5d7adbbf8cfe284916b14b6dc0ff503a23edb01ee85",
                "sha256:1764546ffeaed4f9428707be61d68972eb5ede81239b46a45843e0071104d0dd",
                "sha256:1e491e6489a6cb1d079df8eaa15957c277fdedb102b6a68cfbf40c4994412fd0",
                "sha256:212757ffcecb3e1a5338d4e6761bf9c04f750e7d027117e74aa3cd8a75bb6fbd",
                "sha256:215d6bf7e66732a514f47614f828d8c0aaac9a648c46a831955cb103473c7147",
                "sha256:25382c7d174c679ce6927c16b6fbb68b10e56ee44b1acb40671e02d29f2fce7c",
                "sha256:2abccab84d057723d2ca8f99ff7b619285d40da6814d50366f61f0fc385c3903",
                "sha256:2d964eb24c8b021623df1c93c626671420c6efadbdb8655cb2bd5e0c6fa422ba",
                "sha256:2ec46ed947801652c9643e0b1dc334cfb2781232e375ba97312c2fc256597632",
                "sha256:2ef892cabdccefe577088a79580301f09f2a713eb239f4f9f62b2b29cafb0577",
                "sha256:33e632d0885b95a8b97165899006c40e9ecdc634a529dca7b991eb7de4ece41c",
                "sha256:3520d7af1ebc838cc6084a3281145d5cd5bdd43fdef139e6db5af01b92596cb7",
                "sha256:3d790f84201c3698d1bfb404c917f36e40531577a6dda02e45ba29b64d539867",
                "sha256:3fc33295cfccad697a97a76dec3f1e94ad848b7b163c3228c1636977966b51e2",
                "sha256:422e3d43b47ac20141bc84b3d342eead8d8099a62881a501e97d15f6addabfe9",
                "sha256:426c2ae999135d64e6a18849a7d1ad0e1bd007277e4a8f4752eaa40a96b550ff",
                "sha256:46512486be6fbceef51d7660dec017394ba3e170299d1dc30928cbedebbf103a",
                "sha256:46850a640df62ae940e34a163f72e26aca1f88e2da79148e1862faaac985c302",
                "sha256:484405b883630f3e74ed32041a87456c5e0e63a8e3429aa93e8714c366d62bd1",
                "sha256:4e7904d1920c0c89105c0517dc7e3f5c20fb4e56ba9cdef13048db76947f1d79",
                "sha256:56b2957a145f816726b109ee3d4e6822c23f919a7d91af5a94593723ed667835",
                "sha256:5c6527c8efa5226a9e787507652dd5ba97b62d29b53c371a85cd13f957fe4d42",
                "sha256:5cbc554ba47ecca8cd3396ddaca85e1ecfe3e48dd57dc5e415e59551affe568e",
                "sha256:5d28ecdf191db558d0c07d0f16524ee9d67896edf2b7990eea800abeb23ebd61",
                "sha256:5fc447058d083b8c6ac076fc26b446d44f0145308465d745fba93a28c14c9e32",
                "sha256:63e318dbe52709ed10d516a356f22a635e07a2e34c68145484ed96a19b0c4c68",
                "sha256:68d81a2fe184030aa0c5c11e518292e15d342a667184d91e30644c9d533e53e1",
                "sha256:6e63814ec71db9bdb42905c925639f319c80e7909fb76c3b84edc79dadef8d60",
                "sha256:6f8a9bcab7b6db2e3dbf65b214dfc795b4c6b3bb3af922901b6a67f7cb47d5f8",
                "sha256:70831e03bd53702c941da1a1ad36c17d825a24fbb26857b40913d58df82ec18b",
                "sha256:74eddec4537ab1f701a1647214734bc52cee2794df748f6ae5908e00771f180a",
                "sha256:7b3751857da3e224f5629400736a7b11e940b5da5f95fa631d86219a1beaafec",
                "sha256:7cf1d44e710ca3a9ce952bda2855830fe9f9017ed6259e01fcd71ea6287565f5",
                "sha256:7d07f552d1e412f4b4e64ce386d4c777a41da3b33f7098b6219012ba534fb2c2",
                "sha256:7d88db096fa19d94f433420eaaf9f3c45382da2dd014b93e4bf3215639047c16",
                "sha256:7ee3095d02d6f38bd7d9a5358fcc9ea78fcdb7176921528dd709cc63f40184f5",
                "sha256:902844f9c4fb19b17dfa84d9e2ca053d4a4ba265723d62ea5c9c26b38e0aa1e6",
                "sha256:937880290775033a743f4836aa253087b85e62784b63fd099ee725d567a48aa1",
                "sha256:95076399ec3b27a8f7fa1cc9a83417b1c920d55cf7a97f718a94efbb96c7f503",
                "sha256:9c38d3869238e9d3409239bc05bc27d6b7c99c2a460ea337d2814b35fb4fea1b",
                "sha256:9e32cedc389bcb76d9f24ea8a012b3cb8385ee362ea437e1d012ffaed106c17d",
                "sha256:9ffdc51001136b699f9563b1c74cc1f8c07f66ef7219beb6417a4c8aaa896c28",
                "sha256:a0adef094c49f242122bb145c3c8af442070dc0e4312db17e49058c1702606d4",
                "sha256:a36a0e791805aa136e9cbd0ffa040d09adec8610453ee8a753f23481a0057af5",
                "sha256:a7e518a0911c50f60313cb9e74a169a65b5d293770db4770ebf004245f24b5c5",
                "sha256:af0516e1711995cb08dc19bbd05bec7dbdebf4185f68870595156718d237df3e",
                "sha256:b8104f709590fff72af801e916817560dbe1698028cd0afe5a52d75ceb1fce5f",
                "sha256:b911dfb727e247340d36ae20c4b9259e4a64013ab9888ccb3cbba69b77fd9636",
                "sha256:b9a794cef1d9c1772b94a72eec6da144c18e18041d294a9ab47669bc77a80c1d",
                "sha256:b9c33d4aef08dfecbd1736ceab8b7b3c4358bf10a0121483e5cd60d3d308cc64",
                "sha256:b9d38a4656e4e715d637abdf7296e98d6267df0cc0a8e9a016f8ba07e4aa3eeb",
                "sha256:bcda1c84a1c533c528356da5490d464a139b6e84eb77cc0b432e38c5c6dd7882",
                "sha256:bef7e3f9dc6f0c13afdd671008534be5744e0e682fb851584c8c3a025ec09720",
                "sha256:c15ba5982c177bc4b23a7940c7e4394197e2d6a424a2d282e7c236b66da6d896",
                "sha256:c5254cbd4f4855e11cebf678c1a848a3042d455a22a4ce61349c36aafd4c2267",
                "sha256:c5682a45df7d9642eff590abc73157c887a68f016df0a8ad722dcc0f888f56d7",
                "sha256:c5e65c6ac0ae4bf5bef1667029f81010b6017795dcb817ba5c7b8a8d61fab76f",
                "sha256:d4c7b3a31502184e856df1f7bbb2c3735a05a8ce0ade34c5277e1577738a5c91",
                "sha256:d892bfa1d023c3781a3cab8dd5af76b626c483484d782e8bd047c180db590e4c",
                "sha256:dbc332beaf8492b5731229a881807cd7b91b50dbbbaf7fe2faf46942eda64a24",
                "sha256:dc85b3777068ed30aff8242be2813038a929f2084f69e43ef869daddae50f6ee",
                "sha256:e59137cdb970249ae60be2a49774c6dfb015bd0403f05af1fe61862e9626642d",
                "sha256:e67b3c26e9b6d37b370c83aa790bbc121775c57bfb096c2e77eacca25fd0233b",
                "sha256:e72c91bda9880f097c8aa3601a2c0de6c708763ba8128006151f496ca9065935",
                "sha256:f95b8aca2703d6a30249f83f4fe6a9abf2e627aa892a5caaab2267d56be7ab69"
            ],
            "index": "pypi",
            "version": "==2.9.5"
        },
        "python-dateutil": {
            "hashes": [
                "sha256:0123cacc1627ae19ddf3c27a5de5bd67ee4586fbdd6440d9748f8abb483d3e86",
                "sha256:961d03dc3453ebbc59dbdea9e4e11c5651520a876d0f4db161e8674aae935da9"
            ],
            "markers": "python_version >= '2.7' and python_version not in '3.0, 3.1, 3.2, 3.3'",
            "version": "==2.8.2"
        },
        "pytz": {
            "hashes": [
                "sha256:1d8ce29db189191fb55338ee6d0387d82ab59f3d00eac103412d64e0ebd0c588",
                "sha256:a151b3abb88eda1d4e34a9814df37de2a80e301e68ba0fd856fb9b46bfbbbffb"
            ],
            "version": "==2023.3"
        },
        "scikit-learn": {
            "hashes": [
                "sha256:065e9673e24e0dc5113e2dd2b4ca30c9d8aa2fa90f4c0597241c93b63130d233",
                "sha256:2dd3ffd3950e3d6c0c0ef9033a9b9b32d910c61bd06cb8206303fb4514b88a49",
                "sha256:2e2642baa0ad1e8f8188917423dd73994bf25429f8893ddbe115be3ca3183584",
                "sha256:44b47a305190c28dd8dd73fc9445f802b6ea716669cfc22ab1eb97b335d238b1",
                "sha256:6477eed40dbce190f9f9e9d0d37e020815825b300121307942ec2110302b66a3",
                "sha256:6fe83b676f407f00afa388dd1fdd49e5c6612e551ed84f3b1b182858f09e987d",
                "sha256:7d5312d9674bed14f73773d2acf15a3272639b981e60b72c9b190a0cffed5bad",
                "sha256:7f69313884e8eb311460cc2f28676d5e400bd929841a2c8eb8742ae78ebf7c20",
                "sha256:8156db41e1c39c69aa2d8599ab7577af53e9e5e7a57b0504e116cc73c39138dd",
                "sha256:8429aea30ec24e7a8c7ed8a3fa6213adf3814a6efbea09e16e0a0c71e1a1a3d7",
                "sha256:8b0670d4224a3c2d596fd572fb4fa673b2a0ccfb07152688ebd2ea0b8c61025c",
                "sha256:953236889928d104c2ef14027539f5f2609a47ebf716b8cbe4437e85dce42744",
                "sha256:99cc01184e347de485bf253d19fcb3b1a3fb0ee4cea5ee3c43ec0cc429b6d29f",
                "sha256:9c710ff9f9936ba8a3b74a455ccf0dcf59b230caa1e9ba0223773c490cab1e51",
                "sha256:ad66c3848c0a1ec13464b2a95d0a484fd5b02ce74268eaa7e0c697b904f31d6c",
                "sha256:bf036ea7ef66115e0d49655f16febfa547886deba20149555a41d28f56fd6d3c",
                "sha256:dfeaf8be72117eb61a164ea6fc8afb6dfe08c6f90365bde2dc16456e4bc8e45f",
                "sha256:e6e574db9914afcb4e11ade84fab084536a895ca60aadea3041e85b8ac963edb",
                "sha256:ea061bf0283bf9a9f36ea3c5d3231ba2176221bbd430abd2603b1c3b2ed85c89",
                "sha256:fe0aa1a7029ed3e1dcbf4a5bc675aa3b1bc468d9012ecf6c6f081251ca47f590",
                "sha256:fe175ee1dab589d2e1033657c5b6bec92a8a3b69103e3dd361b58014729975c3"
            ],
            "index": "pypi",
            "version": "==1.2.2"
        },
        "scipy": {
            "hashes": [
                "sha256:08d957ca82d3535b3b9ba6c8ff355d78fe975271874e2af267cb5add5bd78625",
                "sha256:249cfa465c379c9bb2c20123001e151ff5e29b351cbb7f9c91587260602c58d0",
                "sha256:366a6a937110d80dca4f63b3f5b00cc89d36f678b2d124a01067b154e692bab1",
                "sha256:39154437654260a52871dfde852adf1b93b1d1bc5dc0ffa70068f16ec0be2624",
                "sha256:396fae3f8c12ad14c5f3eb40499fd06a6fef8393a6baa352a652ecd51e74e029",
                "sha256:3b9963798df1d8a52db41a6fc0e6fa65b1c60e85d73da27ae8bb754de4792481",
                "sha256:3e8eb42db36526b130dfbc417609498a6192381abc1975b91e3eb238e0b41c1a",
                "sha256:512fdc18c65f76dadaca139348e525646d440220d8d05f6d21965b8d4466bccd",
                "sha256:aec8c62fbe52914f9cf28d846cf0401dd80ab80788bbab909434eb336ed07c04",
                "sha256:b41a0f322b4eb51b078cb3441e950ad661ede490c3aca66edef66f4b37ab1877",
                "sha256:b4bb943010203465ac81efa392e4645265077b4d9e99b66cf3ed33ae12254173",
                "sha256:b588311875c58d1acd4ef17c983b9f1ab5391755a47c3d70b6bd503a45bfaf71",
                "sha256:ba94eeef3c9caa4cea7b402a35bb02a5714ee1ee77eb98aca1eed4543beb0f4c",
                "sha256:be8c962a821957fdde8c4044efdab7a140c13294997a407eaee777acf63cbf0c",
                "sha256:cce154372f0ebe88556ed06d7b196e9c2e0c13080ecb58d0f35062dc7cc28b47",
                "sha256:d51565560565a0307ed06fa0ec4c6f21ff094947d4844d6068ed04400c72d0c3",
                "sha256:e866514bc2d660608447b6ba95c8900d591f2865c07cca0aa4f7ff3c4ca70f30",
                "sha256:fb5b492fa035334fd249f0973cc79ecad8b09c604b42a127a677b45a9a3d4289",
                "sha256:ffb28e3fa31b9c376d0fb1f74c1f13911c8c154a760312fbee87a21eb21efe31"
            ],
            "markers": "python_version < '3.13' and python_version >= '3.9'",
            "version": "==1.11.1"
        },
        "six": {
            "hashes": [
                "sha256:1e61c37477a1626458e36f7b1d82aa5c9b094fa4802892072e49de9c60c4c926",
                "sha256:8abb2f1d86890a2dfb989f9a77cfcfd3e47c2a354b01111771326f8aa26e0254"
            ],
            "markers": "python_version >= '2.7' and python_version not in '3.0, 3.1, 3.2, 3.3'",
            "version": "==1.16.0"
        },
        "sqlparse": {
            "hashes": [
                "sha256:5430a4fe2ac7d0f93e66f1efc6e1338a41884b7ddf2a350cedd20ccc4d9d28f3",
                "sha256:d446183e84b8349fa3061f0fe7f06ca94ba65b426946ffebe6e3e8295332420c"
            ],
            "markers": "python_version >= '3.5'",
            "version": "==0.4.4"
        },
        "threadpoolctl": {
            "hashes": [
                "sha256:2b7818516e423bdaebb97c723f86a7c6b0a83d3f3b0970328d66f4d9104dc032",
                "sha256:c96a0ba3bdddeaca37dc4cc7344aafad41cdb8c313f74fdfe387a867bba93355"
            ],
            "markers": "python_version >= '3.8'",
            "version": "==3.2.0"
        },
        "typing-extensions": {
            "hashes": [
                "sha256:440d5dd3af93b060174bf433bccd69b0babc3b15b1a8dca43789fd7f61514b36",
                "sha256:b75ddc264f0ba5615db7ba217daeb99701ad295353c45f9e95963337ceeeffb2"
            ],
            "markers": "python_version < '3.11'",
            "version": "==4.7.1"
        }
    },
    "develop": {}
}
